{
  "name": "@100apps/cli-weather",
  "version": "1.0.0",
  "lockfileVersion": 3,
  "requires": true,
  "packages": {
    "": {
      "name": "@100apps/cli-weather",
      "version": "1.0.0",
      "license": "MIT",
      "bin": {
        "weather86": "bin/weather.js"
      },
      "engines": {
        "node": ">=18"
      }
    }
  }
}
